
Microsoft Visual Studio Solution File, Format Version 12.00
# Visual Studio Version 17
VisualStudioVersion = 17.4.33205.214
MinimumVisualStudioVersion = 10.0.40219.1
Project("{FAE04EC0-301F-11D3-BF4B-00C04F79EFBC}") = "Academy tasks 9", "Academy tasks 9\Academy tasks 9.csproj", "{9481B617-7C42-4533-98FB-F5EF2D2BCA57}"
EndProject
Global
	GlobalSection(SolutionConfigurationPlatforms) = preSolution
		Debug|Any CPU = Debug|Any CPU
		Release|Any CPU = Release|Any CPU
	EndGlobalSection
	GlobalSection(ProjectConfigurationPlatforms) = postSolution
		{9481B617-7C42-4533-98FB-F5EF2D2BCA57}.Debug|Any CPU.ActiveCfg = Debug|Any CPU
		{9481B617-7C42-4533-98FB-F5EF2D2BCA57}.Debug|Any CPU.Build.0 = Debug|Any CPU
		{9481B617-7C42-4533-98FB-F5EF2D2BCA57}.Release|Any CPU.ActiveCfg = Release|Any CPU
		{9481B617-7C42-4533-98FB-F5EF2D2BCA57}.Release|Any CPU.Build.0 = Release|Any CPU
	EndGlobalSection
	GlobalSection(SolutionProperties) = preSolution
		HideSolutionNode = FALSE
	EndGlobalSection
	GlobalSection(ExtensibilityGlobals) = postSolution
		SolutionGuid = {339AE961-2319-4341-B5DA-ACDE42D71E92}
	EndGlobalSection
EndGlobal
